
Microsoft Visual Studio Solution File, Format Version 12.00
# Visual Studio Version 17
VisualStudioVersion = 17.5.33530.505
MinimumVisualStudioVersion = 10.0.40219.1
Project("{FAE04EC0-301F-11D3-BF4B-00C04F79EFBC}") = "largest_number", "largest_number.csproj", "{6A862DB1-0F4F-4FAD-AA79-D54782AF8154}"
EndProject
Global
	GlobalSection(SolutionConfigurationPlatforms) = preSolution
		Debug|Any CPU = Debug|Any CPU
		Release|Any CPU = Release|Any CPU
	EndGlobalSection
	GlobalSection(ProjectConfigurationPlatforms) = postSolution
		{6A862DB1-0F4F-4FAD-AA79-D54782AF8154}.Debug|Any CPU.ActiveCfg = Debug|Any CPU
		{6A862DB1-0F4F-4FAD-AA79-D54782AF8154}.Debug|Any CPU.Build.0 = Debug|Any CPU
		{6A862DB1-0F4F-4FAD-AA79-D54782AF8154}.Release|Any CPU.ActiveCfg = Release|Any CPU
		{6A862DB1-0F4F-4FAD-AA79-D54782AF8154}.Release|Any CPU.Build.0 = Release|Any CPU
	EndGlobalSection
	GlobalSection(SolutionProperties) = preSolution
		HideSolutionNode = FALSE
	EndGlobalSection
	GlobalSection(ExtensibilityGlobals) = postSolution
		SolutionGuid = {BEBD7ECF-A2C3-4758-86B3-E29CFAEFA995}
	EndGlobalSection
EndGlobal
