
Microsoft Visual Studio Solution File, Format Version 12.00
# Visual Studio Version 17
VisualStudioVersion = 17.5.33530.505
MinimumVisualStudioVersion = 10.0.40219.1
Project("{FAE04EC0-301F-11D3-BF4B-00C04F79EFBC}") = "inheritance", "inheritance\inheritance.csproj", "{975F5BCA-1778-4DEE-838B-06B40849AE8B}"
EndProject
Global
	GlobalSection(SolutionConfigurationPlatforms) = preSolution
		Debug|Any CPU = Debug|Any CPU
		Release|Any CPU = Release|Any CPU
	EndGlobalSection
	GlobalSection(ProjectConfigurationPlatforms) = postSolution
		{975F5BCA-1778-4DEE-838B-06B40849AE8B}.Debug|Any CPU.ActiveCfg = Debug|Any CPU
		{975F5BCA-1778-4DEE-838B-06B40849AE8B}.Debug|Any CPU.Build.0 = Debug|Any CPU
		{975F5BCA-1778-4DEE-838B-06B40849AE8B}.Release|Any CPU.ActiveCfg = Release|Any CPU
		{975F5BCA-1778-4DEE-838B-06B40849AE8B}.Release|Any CPU.Build.0 = Release|Any CPU
	EndGlobalSection
	GlobalSection(SolutionProperties) = preSolution
		HideSolutionNode = FALSE
	EndGlobalSection
	GlobalSection(ExtensibilityGlobals) = postSolution
		SolutionGuid = {3A8D1B7E-C814-4EF3-A939-AEFE0E7377C4}
	EndGlobalSection
EndGlobal
